
Microsoft Visual Studio Solution File, Format Version 12.00
# Visual Studio Version 17
VisualStudioVersion = 17.9.34902.65
MinimumVisualStudioVersion = 10.0.40219.1
Project("{FAE04EC0-301F-11D3-BF4B-00C04F79EFBC}") = "DirtyHabits", "DirtyHabits\DirtyHabits.csproj", "{0696C220-C319-4FB0-A234-A40D8CB6C110}"
EndProject
Global
	GlobalSection(SolutionConfigurationPlatforms) = preSolution
		Debug|Any CPU = Debug|Any CPU
		Release|Any CPU = Release|Any CPU
	EndGlobalSection
	GlobalSection(ProjectConfigurationPlatforms) = postSolution
		{0696C220-C319-4FB0-A234-A40D8CB6C110}.Debug|Any CPU.ActiveCfg = Debug|Any CPU
		{0696C220-C319-4FB0-A234-A40D8CB6C110}.Debug|Any CPU.Build.0 = Debug|Any CPU
		{0696C220-C319-4FB0-A234-A40D8CB6C110}.Debug|Any CPU.Deploy.0 = Debug|Any CPU
		{0696C220-C319-4FB0-A234-A40D8CB6C110}.Release|Any CPU.ActiveCfg = Release|Any CPU
		{0696C220-C319-4FB0-A234-A40D8CB6C110}.Release|Any CPU.Build.0 = Release|Any CPU
		{0696C220-C319-4FB0-A234-A40D8CB6C110}.Release|Any CPU.Deploy.0 = Release|Any CPU
	EndGlobalSection
	GlobalSection(SolutionProperties) = preSolution
		HideSolutionNode = FALSE
	EndGlobalSection
	GlobalSection(ExtensibilityGlobals) = postSolution
		SolutionGuid = {481F0E9E-5CC3-4287-9248-159715404CA1}
	EndGlobalSection
EndGlobal
